
Microsoft Visual Studio Solution File, Format Version 12.00
Project("{FAE04EC0-301F-11D3-BF4B-00C04F79EFBC}") = "IARA.API", "IARA.API\IARA.API.csproj", "{D00FDE33-B3E8-4C13-AC0E-35B4E0B393CD}"
EndProject
Project("{FAE04EC0-301F-11D3-BF4B-00C04F79EFBC}") = "IARA.Domain", "IARA.Domain\IARA.Domain.csproj", "{0C659F0B-23E7-4826-BD5C-4F3282E88DFF}"
EndProject
Project("{FAE04EC0-301F-11D3-BF4B-00C04F79EFBC}") = "IARA.Application", "IARA.Application\IARA.Application.csproj", "{86A1565B-C518-44CF-A799-A25B7ACCF451}"
EndProject
Project("{FAE04EC0-301F-11D3-BF4B-00C04F79EFBC}") = "IARA.Infrastructure", "IARA.Infrastructure\IARA.Infrastructure.csproj", "{031634CF-D485-492E-981C-768C619D84A8}"
EndProject
Global
	GlobalSection(SolutionConfigurationPlatforms) = preSolution
		Debug|Any CPU = Debug|Any CPU
		Release|Any CPU = Release|Any CPU
	EndGlobalSection
	GlobalSection(ProjectConfigurationPlatforms) = postSolution
		{D00FDE33-B3E8-4C13-AC0E-35B4E0B393CD}.Debug|Any CPU.ActiveCfg = Debug|Any CPU
		{D00FDE33-B3E8-4C13-AC0E-35B4E0B393CD}.Debug|Any CPU.Build.0 = Debug|Any CPU
		{D00FDE33-B3E8-4C13-AC0E-35B4E0B393CD}.Release|Any CPU.ActiveCfg = Release|Any CPU
		{D00FDE33-B3E8-4C13-AC0E-35B4E0B393CD}.Release|Any CPU.Build.0 = Release|Any CPU
		{0C659F0B-23E7-4826-BD5C-4F3282E88DFF}.Debug|Any CPU.ActiveCfg = Debug|Any CPU
		{0C659F0B-23E7-4826-BD5C-4F3282E88DFF}.Debug|Any CPU.Build.0 = Debug|Any CPU
		{0C659F0B-23E7-4826-BD5C-4F3282E88DFF}.Release|Any CPU.ActiveCfg = Release|Any CPU
		{0C659F0B-23E7-4826-BD5C-4F3282E88DFF}.Release|Any CPU.Build.0 = Release|Any CPU
		{86A1565B-C518-44CF-A799-A25B7ACCF451}.Debug|Any CPU.ActiveCfg = Debug|Any CPU
		{86A1565B-C518-44CF-A799-A25B7ACCF451}.Debug|Any CPU.Build.0 = Debug|Any CPU
		{86A1565B-C518-44CF-A799-A25B7ACCF451}.Release|Any CPU.ActiveCfg = Release|Any CPU
		{86A1565B-C518-44CF-A799-A25B7ACCF451}.Release|Any CPU.Build.0 = Release|Any CPU
		{031634CF-D485-492E-981C-768C619D84A8}.Debug|Any CPU.ActiveCfg = Debug|Any CPU
		{031634CF-D485-492E-981C-768C619D84A8}.Debug|Any CPU.Build.0 = Debug|Any CPU
		{031634CF-D485-492E-981C-768C619D84A8}.Release|Any CPU.ActiveCfg = Release|Any CPU
		{031634CF-D485-492E-981C-768C619D84A8}.Release|Any CPU.Build.0 = Release|Any CPU
	EndGlobalSection
EndGlobal
